{
    "name": "sna-fileviewer",
    "version": "1.5.2-rc1",
    "lockfileVersion": 2,
    "requires": true,
    "packages": {
        "": {
            "name": "sna-fileviewer",
            "version": "1.5.2-rc1",
            "license": "MIT",
            "dependencies": {
                "@vscode/extension-telemetry": "^0.9.8",
                "gif-writer": "^0.9.4"
            },
            "devDependencies": {
                "@types/node": "^16.11.4",
                "@types/vscode": "^1.98.0",
                "@types/vscode-webview": "^1.57.0",
                "esbuild": "^0.25.3",
                "source-map-support": "^0.5.21",
                "typescript": "^4.4.4"
            },
            "engines": {
                "vscode": "^1.98.0"
            }
        },
        "node_modules/@esbuild/aix-ppc64": {
            "version": "0.25.3",
            "resolved": "https://registry.npmjs.org/@esbuild/aix-ppc64/-/aix-ppc64-0.25.3.tgz",
            "integrity": "sha512-W8bFfPA8DowP8l//sxjJLSLkD8iEjMc7cBVyP+u4cEv9sM7mdUCkgsj+t0n/BWPFtv7WWCN5Yzj0N6FJNUUqBQ==",
            "cpu": [
                "ppc64"
            ],
            "dev": true,
            "license": "MIT",
            "optional": true,
            "os": [
                "aix"
            ],
            "engines": {
                "node": ">=18"
            }
        },
        "node_modules/@esbuild/android-arm": {
            "version": "0.25.3",
            "resolved": "https://registry.npmjs.org/@esbuild/android-arm/-/android-arm-0.25.3.tgz",
            "integrity": "sha512-PuwVXbnP87Tcff5I9ngV0lmiSu40xw1At6i3GsU77U7cjDDB4s0X2cyFuBiDa1SBk9DnvWwnGvVaGBqoFWPb7A==",
            "cpu": [
                "arm"
            ],
            "dev": true,
            "license": "MIT",
            "optional": true,
            "os": [
                "android"
            ],
            "engines": {
                "node": ">=18"
            }
        },
        "node_modules/@esbuild/android-arm64": {
            "version": "0.25.3",
            "resolved": "https://registry.npmjs.org/@esbuild/android-arm64/-/android-arm64-0.25.3.tgz",
            "integrity": "sha512-XelR6MzjlZuBM4f5z2IQHK6LkK34Cvv6Rj2EntER3lwCBFdg6h2lKbtRjpTTsdEjD/WSe1q8UyPBXP1x3i/wYQ==",
            "cpu": [
                "arm64"
            ],
            "dev": true,
            "license": "MIT",
            "optional": true,
            "os": [
                "android"
            ],
            "engines": {
                "node": ">=18"
            }
        },
        "node_modules/@esbuild/android-x64": {
            "version": "0.25.3",
            "resolved": "https://registry.npmjs.org/@esbuild/android-x64/-/android-x64-0.25.3.tgz",
            "integrity": "sha512-ogtTpYHT/g1GWS/zKM0cc/tIebFjm1F9Aw1boQ2Y0eUQ+J89d0jFY//s9ei9jVIlkYi8AfOjiixcLJSGNSOAdQ==",
            "cpu": [
                "x64"
            ],
            "dev": true,
            "license": "MIT",
            "optional": true,
            "os": [
                "android"
            ],
            "engines": {
                "node": ">=18"
            }
        },
        "node_modules/@esbuild/darwin-arm64": {
            "version": "0.25.3",
            "resolved": "https://registry.npmjs.org/@esbuild/darwin-arm64/-/darwin-arm64-0.25.3.tgz",
            "integrity": "sha512-eESK5yfPNTqpAmDfFWNsOhmIOaQA59tAcF/EfYvo5/QWQCzXn5iUSOnqt3ra3UdzBv073ykTtmeLJZGt3HhA+w==",
            "cpu": [
                "arm64"
            ],
            "dev": true,
            "license": "MIT",
            "optional": true,
            "os": [
                "darwin"
            ],
            "engines": {
                "node": ">=18"
            }
        },
        "node_modules/@esbuild/darwin-x64": {
            "version": "0.25.3",
            "resolved": "https://registry.npmjs.org/@esbuild/darwin-x64/-/darwin-x64-0.25.3.tgz",
            "integrity": "sha512-Kd8glo7sIZtwOLcPbW0yLpKmBNWMANZhrC1r6K++uDR2zyzb6AeOYtI6udbtabmQpFaxJ8uduXMAo1gs5ozz8A==",
            "cpu": [
                "x64"
            ],
            "dev": true,
            "license": "MIT",
            "optional": true,
            "os": [
                "darwin"
            ],
            "engines": {
                "node": ">=18"
            }
        },
        "node_modules/@esbuild/freebsd-arm64": {
            "version": "0.25.3",
            "resolved": "https://registry.npmjs.org/@esbuild/freebsd-arm64/-/freebsd-arm64-0.25.3.tgz",
            "integrity": "sha512-EJiyS70BYybOBpJth3M0KLOus0n+RRMKTYzhYhFeMwp7e/RaajXvP+BWlmEXNk6uk+KAu46j/kaQzr6au+JcIw==",
            "cpu": [
                "arm64"
            ],
            "dev": true,
            "license": "MIT",
            "optional": true,
            "os": [
                "freebsd"
            ],
            "engines": {
                "node": ">=18"
            }
        },
        "node_modules/@esbuild/freebsd-x64": {
            "version": "0.25.3",
            "resolved": "https://registry.npmjs.org/@esbuild/freebsd-x64/-/freebsd-x64-0.25.3.tgz",
            "integrity": "sha512-Q+wSjaLpGxYf7zC0kL0nDlhsfuFkoN+EXrx2KSB33RhinWzejOd6AvgmP5JbkgXKmjhmpfgKZq24pneodYqE8Q==",
            "cpu": [
                "x64"
            ],
            "dev": true,
            "license": "MIT",
            "optional": true,
            "os": [
                "freebsd"
            ],
            "engines": {
                "node": ">=18"
            }
        },
        "node_modules/@esbuild/linux-arm": {
            "version": "0.25.3",
            "resolved": "https://registry.npmjs.org/@esbuild/linux-arm/-/linux-arm-0.25.3.tgz",
            "integrity": "sha512-dUOVmAUzuHy2ZOKIHIKHCm58HKzFqd+puLaS424h6I85GlSDRZIA5ycBixb3mFgM0Jdh+ZOSB6KptX30DD8YOQ==",
            "cpu": [
                "arm"
            ],
            "dev": true,
            "license": "MIT",
            "optional": true,
            "os": [
                "linux"
            ],
            "engines": {
                "node": ">=18"
            }
        },
        "node_modules/@esbuild/linux-arm64": {
            "version": "0.25.3",
            "resolved": "https://registry.npmjs.org/@esbuild/linux-arm64/-/linux-arm64-0.25.3.tgz",
            "integrity": "sha512-xCUgnNYhRD5bb1C1nqrDV1PfkwgbswTTBRbAd8aH5PhYzikdf/ddtsYyMXFfGSsb/6t6QaPSzxtbfAZr9uox4A==",
            "cpu": [
                "arm64"
            ],
            "dev": true,
            "license": "MIT",
            "optional": true,
            "os": [
                "linux"
            ],
            "engines": {
                "node": ">=18"
            }
        },
        "node_modules/@esbuild/linux-ia32": {
            "version": "0.25.3",
            "resolved": "https://registry.npmjs.org/@esbuild/linux-ia32/-/linux-ia32-0.25.3.tgz",
            "integrity": "sha512-yplPOpczHOO4jTYKmuYuANI3WhvIPSVANGcNUeMlxH4twz/TeXuzEP41tGKNGWJjuMhotpGabeFYGAOU2ummBw==",
            "cpu": [
                "ia32"
            ],
            "dev": true,
            "license": "MIT",
            "optional": true,
            "os": [
                "linux"
            ],
            "engines": {
                "node": ">=18"
            }
        },
        "node_modules/@esbuild/linux-loong64": {
            "version": "0.25.3",
            "resolved": "https://registry.npmjs.org/@esbuild/linux-loong64/-/linux-loong64-0.25.3.tgz",
            "integrity": "sha512-P4BLP5/fjyihmXCELRGrLd793q/lBtKMQl8ARGpDxgzgIKJDRJ/u4r1A/HgpBpKpKZelGct2PGI4T+axcedf6g==",
            "cpu": [
                "loong64"
            ],
            "dev": true,
            "license": "MIT",
            "optional": true,
            "os": [
                "linux"
            ],
            "engines": {
                "node": ">=18"
            }
        },
        "node_modules/@esbuild/linux-mips64el": {
            "version": "0.25.3",
            "resolved": "https://registry.npmjs.org/@esbuild/linux-mips64el/-/linux-mips64el-0.25.3.tgz",
            "integrity": "sha512-eRAOV2ODpu6P5divMEMa26RRqb2yUoYsuQQOuFUexUoQndm4MdpXXDBbUoKIc0iPa4aCO7gIhtnYomkn2x+bag==",
            "cpu": [
                "mips64el"
            ],
            "dev": true,
            "license": "MIT",
            "optional": true,
            "os": [
                "linux"
            ],
            "engines": {
                "node": ">=18"
            }
        },
        "node_modules/@esbuild/linux-ppc64": {
            "version": "0.25.3",
            "resolved": "https://registry.npmjs.org/@esbuild/linux-ppc64/-/linux-ppc64-0.25.3.tgz",
            "integrity": "sha512-ZC4jV2p7VbzTlnl8nZKLcBkfzIf4Yad1SJM4ZMKYnJqZFD4rTI+pBG65u8ev4jk3/MPwY9DvGn50wi3uhdaghg==",
            "cpu": [
                "ppc64"
            ],
            "dev": true,
            "license": "MIT",
            "optional": true,
            "os": [
                "linux"
            ],
            "engines": {
                "node": ">=18"
            }
        },
        "node_modules/@esbuild/linux-riscv64": {
            "version": "0.25.3",
            "resolved": "https://registry.npmjs.org/@esbuild/linux-riscv64/-/linux-riscv64-0.25.3.tgz",
            "integrity": "sha512-LDDODcFzNtECTrUUbVCs6j9/bDVqy7DDRsuIXJg6so+mFksgwG7ZVnTruYi5V+z3eE5y+BJZw7VvUadkbfg7QA==",
            "cpu": [
                "riscv64"
            ],
            "dev": true,
            "license": "MIT",
            "optional": true,
            "os": [
                "linux"
            ],
            "engines": {
                "node": ">=18"
            }
        },
        "node_modules/@esbuild/linux-s390x": {
            "version": "0.25.3",
            "resolved": "https://registry.npmjs.org/@esbuild/linux-s390x/-/linux-s390x-0.25.3.tgz",
            "integrity": "sha512-s+w/NOY2k0yC2p9SLen+ymflgcpRkvwwa02fqmAwhBRI3SC12uiS10edHHXlVWwfAagYSY5UpmT/zISXPMW3tQ==",
            "cpu": [
                "s390x"
            ],
            "dev": true,
            "license": "MIT",
            "optional": true,
            "os": [
                "linux"
            ],
            "engines": {
                "node": ">=18"
            }
        },
        "node_modules/@esbuild/linux-x64": {
            "version": "0.25.3",
            "resolved": "https://registry.npmjs.org/@esbuild/linux-x64/-/linux-x64-0.25.3.tgz",
            "integrity": "sha512-nQHDz4pXjSDC6UfOE1Fw9Q8d6GCAd9KdvMZpfVGWSJztYCarRgSDfOVBY5xwhQXseiyxapkiSJi/5/ja8mRFFA==",
            "cpu": [
                "x64"
            ],
            "dev": true,
            "license": "MIT",
            "optional": true,
            "os": [
                "linux"
            ],
            "engines": {
                "node": ">=18"
            }
        },
        "node_modules/@esbuild/netbsd-arm64": {
            "version": "0.25.3",
            "resolved": "https://registry.npmjs.org/@esbuild/netbsd-arm64/-/netbsd-arm64-0.25.3.tgz",
            "integrity": "sha512-1QaLtOWq0mzK6tzzp0jRN3eccmN3hezey7mhLnzC6oNlJoUJz4nym5ZD7mDnS/LZQgkrhEbEiTn515lPeLpgWA==",
            "cpu": [
                "arm64"
            ],
            "dev": true,
            "license": "MIT",
            "optional": true,
            "os": [
                "netbsd"
            ],
            "engines": {
                "node": ">=18"
            }
        },
        "node_modules/@esbuild/netbsd-x64": {
            "version": "0.25.3",
            "resolved": "https://registry.npmjs.org/@esbuild/netbsd-x64/-/netbsd-x64-0.25.3.tgz",
            "integrity": "sha512-i5Hm68HXHdgv8wkrt+10Bc50zM0/eonPb/a/OFVfB6Qvpiirco5gBA5bz7S2SHuU+Y4LWn/zehzNX14Sp4r27g==",
            "cpu": [
                "x64"
            ],
            "dev": true,
            "license": "MIT",
            "optional": true,
            "os": [
                "netbsd"
            ],
            "engines": {
                "node": ">=18"
            }
        },
        "node_modules/@esbuild/openbsd-arm64": {
            "version": "0.25.3",
            "resolved": "https://registry.npmjs.org/@esbuild/openbsd-arm64/-/openbsd-arm64-0.25.3.tgz",
            "integrity": "sha512-zGAVApJEYTbOC6H/3QBr2mq3upG/LBEXr85/pTtKiv2IXcgKV0RT0QA/hSXZqSvLEpXeIxah7LczB4lkiYhTAQ==",
            "cpu": [
                "arm64"
            ],
            "dev": true,
            "license": "MIT",
            "optional": true,
            "os": [
                "openbsd"
            ],
            "engines": {
                "node": ">=18"
            }
        },
        "node_modules/@esbuild/openbsd-x64": {
            "version": "0.25.3",
            "resolved": "https://registry.npmjs.org/@esbuild/openbsd-x64/-/openbsd-x64-0.25.3.tgz",
            "integrity": "sha512-fpqctI45NnCIDKBH5AXQBsD0NDPbEFczK98hk/aa6HJxbl+UtLkJV2+Bvy5hLSLk3LHmqt0NTkKNso1A9y1a4w==",
            "cpu": [
                "x64"
            ],
            "dev": true,
            "license": "MIT",
            "optional": true,
            "os": [
                "openbsd"
            ],
            "engines": {
                "node": ">=18"
            }
        },
        "node_modules/@esbuild/sunos-x64": {
            "version": "0.25.3",
            "resolved": "https://registry.npmjs.org/@esbuild/sunos-x64/-/sunos-x64-0.25.3.tgz",
            "integrity": "sha512-ROJhm7d8bk9dMCUZjkS8fgzsPAZEjtRJqCAmVgB0gMrvG7hfmPmz9k1rwO4jSiblFjYmNvbECL9uhaPzONMfgA==",
            "cpu": [
                "x64"
            ],
            "dev": true,
            "license": "MIT",
            "optional": true,
            "os": [
                "sunos"
            ],
            "engines": {
                "node": ">=18"
            }
        },
        "node_modules/@esbuild/win32-arm64": {
            "version": "0.25.3",
            "resolved": "https://registry.npmjs.org/@esbuild/win32-arm64/-/win32-arm64-0.25.3.tgz",
            "integrity": "sha512-YWcow8peiHpNBiIXHwaswPnAXLsLVygFwCB3A7Bh5jRkIBFWHGmNQ48AlX4xDvQNoMZlPYzjVOQDYEzWCqufMQ==",
            "cpu": [
                "arm64"
            ],
            "dev": true,
            "license": "MIT",
            "optional": true,
            "os": [
                "win32"
            ],
            "engines": {
                "node": ">=18"
            }
        },
        "node_modules/@esbuild/win32-ia32": {
            "version": "0.25.3",
            "resolved": "https://registry.npmjs.org/@esbuild/win32-ia32/-/win32-ia32-0.25.3.tgz",
            "integrity": "sha512-qspTZOIGoXVS4DpNqUYUs9UxVb04khS1Degaw/MnfMe7goQ3lTfQ13Vw4qY/Nj0979BGvMRpAYbs/BAxEvU8ew==",
            "cpu": [
                "ia32"
            ],
            "dev": true,
            "license": "MIT",
            "optional": true,
            "os": [
                "win32"
            ],
            "engines": {
                "node": ">=18"
            }
        },
        "node_modules/@esbuild/win32-x64": {
            "version": "0.25.3",
            "resolved": "https://registry.npmjs.org/@esbuild/win32-x64/-/win32-x64-0.25.3.tgz",
            "integrity": "sha512-ICgUR+kPimx0vvRzf+N/7L7tVSQeE3BYY+NhHRHXS1kBuPO7z2+7ea2HbhDyZdTephgvNvKrlDDKUexuCVBVvg==",
            "cpu": [
                "x64"
            ],
            "dev": true,
            "license": "MIT",
            "optional": true,
            "os": [
                "win32"
            ],
            "engines": {
                "node": ">=18"
            }
        },
        "node_modules/@microsoft/1ds-core-js": {
            "version": "4.3.6",
            "resolved": "https://registry.npmjs.org/@microsoft/1ds-core-js/-/1ds-core-js-4.3.6.tgz",
            "integrity": "sha512-m2zBJVPZPaYwbAum5EDaSGmTKEtTDH1bYrtZmVAaAjqjUJxxXyeChaH5MQ45sTPaU7pDPqTclMxX2IglecPzDw==",
            "license": "MIT",
            "dependencies": {
                "@microsoft/applicationinsights-core-js": "3.3.6",
                "@microsoft/applicationinsights-shims": "3.0.1",
                "@microsoft/dynamicproto-js": "^2.0.3",
                "@nevware21/ts-async": ">= 0.5.4 < 2.x",
                "@nevware21/ts-utils": ">= 0.11.8 < 2.x"
            }
        },
        "node_modules/@microsoft/1ds-post-js": {
            "version": "4.3.6",
            "resolved": "https://registry.npmjs.org/@microsoft/1ds-post-js/-/1ds-post-js-4.3.6.tgz",
            "integrity": "sha512-Y5smwD6iVcSWfcMxVtno22eKxWbILC0t05fA3Zp42Q0Ybn41aCp73Cziaja1uyRHRTwg0Dh6KooJXMklcN3ibQ==",
            "license": "MIT",
            "dependencies": {
                "@microsoft/1ds-core-js": "4.3.6",
                "@microsoft/applicationinsights-shims": "3.0.1",
                "@microsoft/dynamicproto-js": "^2.0.3",
                "@nevware21/ts-async": ">= 0.5.4 < 2.x",
                "@nevware21/ts-utils": ">= 0.11.8 < 2.x"
            }
        },
        "node_modules/@microsoft/applicationinsights-channel-js": {
            "version": "3.3.6",
            "resolved": "https://registry.npmjs.org/@microsoft/applicationinsights-channel-js/-/applicationinsights-channel-js-3.3.6.tgz",
            "integrity": "sha512-dnFpTaviD8Ufx3ZJnionvSffwbOwo5EbcsQoIIWV3IC3i4dR6v45Ct7SsQMmyrhMEJYkPD7ddvKdgH89OYuCbQ==",
            "license": "MIT",
            "dependencies": {
                "@microsoft/applicationinsights-common": "3.3.6",
                "@microsoft/applicationinsights-core-js": "3.3.6",
                "@microsoft/applicationinsights-shims": "3.0.1",
                "@microsoft/dynamicproto-js": "^2.0.3",
                "@nevware21/ts-async": ">= 0.5.4 < 2.x",
                "@nevware21/ts-utils": ">= 0.11.8 < 2.x"
            },
            "peerDependencies": {
                "tslib": ">= 1.0.0"
            }
        },
        "node_modules/@microsoft/applicationinsights-common": {
            "version": "3.3.6",
            "resolved": "https://registry.npmjs.org/@microsoft/applicationinsights-common/-/applicationinsights-common-3.3.6.tgz",
            "integrity": "sha512-XuqWwbDSW7DuagcUy9Op7UFZeAyjU9RWuIQppxlTGrITa7PF5QmsyvjCiSsBRy7vMt/q42qnmOYoHwhL7KoyOQ==",
            "license": "MIT",
            "dependencies": {
                "@microsoft/applicationinsights-core-js": "3.3.6",
                "@microsoft/applicationinsights-shims": "3.0.1",
                "@microsoft/dynamicproto-js": "^2.0.3",
                "@nevware21/ts-utils": ">= 0.11.8 < 2.x"
            },
            "peerDependencies": {
                "tslib": ">= 1.0.0"
            }
        },
        "node_modules/@microsoft/applicationinsights-core-js": {
            "version": "3.3.6",
            "resolved": "https://registry.npmjs.org/@microsoft/applicationinsights-core-js/-/applicationinsights-core-js-3.3.6.tgz",
            "integrity": "sha512-Yv09rk/QdLhM4Dr29WKi4xWmsnTJpuGE95kuKsBxSlzFYlC3foYAZ5wowsNU6Yscpv6TJQRd6RksMIEGV6Uz5Q==",
            "license": "MIT",
            "dependencies": {
                "@microsoft/applicationinsights-shims": "3.0.1",
                "@microsoft/dynamicproto-js": "^2.0.3",
                "@nevware21/ts-async": ">= 0.5.4 < 2.x",
                "@nevware21/ts-utils": ">= 0.11.8 < 2.x"
            },
            "peerDependencies": {
                "tslib": ">= 1.0.0"
            }
        },
        "node_modules/@microsoft/applicationinsights-shims": {
            "version": "3.0.1",
            "resolved": "https://registry.npmjs.org/@microsoft/applicationinsights-shims/-/applicationinsights-shims-3.0.1.tgz",
            "integrity": "sha512-DKwboF47H1nb33rSUfjqI6ryX29v+2QWcTrRvcQDA32AZr5Ilkr7whOOSsD1aBzwqX0RJEIP1Z81jfE3NBm/Lg==",
            "license": "MIT",
            "dependencies": {
                "@nevware21/ts-utils": ">= 0.9.4 < 2.x"
            }
        },
        "node_modules/@microsoft/applicationinsights-web-basic": {
            "version": "3.3.6",
            "resolved": "https://registry.npmjs.org/@microsoft/applicationinsights-web-basic/-/applicationinsights-web-basic-3.3.6.tgz",
            "integrity": "sha512-qabSiZAHG4mLYJBcqG/lhu/ExMWT6bsEo3vq8ppFE6shQxR75OK0f8AEj3h12kS/iAqQz8IUzr+NG3lKvSra1g==",
            "license": "MIT",
            "dependencies": {
                "@microsoft/applicationinsights-channel-js": "3.3.6",
                "@microsoft/applicationinsights-common": "3.3.6",
                "@microsoft/applicationinsights-core-js": "3.3.6",
                "@microsoft/applicationinsights-shims": "3.0.1",
                "@microsoft/dynamicproto-js": "^2.0.3",
                "@nevware21/ts-async": ">= 0.5.4 < 2.x",
                "@nevware21/ts-utils": ">= 0.11.8 < 2.x"
            },
            "peerDependencies": {
                "tslib": ">= 1.0.0"
            }
        },
        "node_modules/@microsoft/dynamicproto-js": {
            "version": "2.0.3",
            "resolved": "https://registry.npmjs.org/@microsoft/dynamicproto-js/-/dynamicproto-js-2.0.3.tgz",
            "integrity": "sha512-JTWTU80rMy3mdxOjjpaiDQsTLZ6YSGGqsjURsY6AUQtIj0udlF/jYmhdLZu8693ZIC0T1IwYnFa0+QeiMnziBA==",
            "license": "MIT",
            "dependencies": {
                "@nevware21/ts-utils": ">= 0.10.4 < 2.x"
            }
        },
        "node_modules/@nevware21/ts-async": {
            "version": "0.5.4",
            "resolved": "https://registry.npmjs.org/@nevware21/ts-async/-/ts-async-0.5.4.tgz",
            "integrity": "sha512-IBTyj29GwGlxfzXw2NPnzty+w0Adx61Eze1/lknH/XIVdxtF9UnOpk76tnrHXWa6j84a1RR9hsOcHQPFv9qJjA==",
            "license": "MIT",
            "dependencies": {
                "@nevware21/ts-utils": ">= 0.11.6 < 2.x"
            }
        },
        "node_modules/@nevware21/ts-utils": {
            "version": "0.12.2",
            "resolved": "https://registry.npmjs.org/@nevware21/ts-utils/-/ts-utils-0.12.2.tgz",
            "integrity": "sha512-wEJpAgVC9kac6mh2Oa2QIEoBy3ZgCJyl8qp8rfyT56xzRCNppYQ5nEGb58JLJA5s69U6TgkA9uq5QbQ/htmR/w==",
            "license": "MIT"
        },
        "node_modules/@types/node": {
            "version": "16.18.10",
            "resolved": "https://registry.npmjs.org/@types/node/-/node-16.18.10.tgz",
            "integrity": "sha512-XU1+v7h81p7145ddPfjv7jtWvkSilpcnON3mQ+bDi9Yuf7OI56efOglXRyXWgQ57xH3fEQgh7WOJMncRHVew5w==",
            "dev": true
        },
        "node_modules/@types/vscode": {
            "version": "1.99.1",
            "resolved": "https://registry.npmjs.org/@types/vscode/-/vscode-1.99.1.tgz",
            "integrity": "sha512-cQlqxHZ040ta6ovZXnXRxs3fJiTmlurkIWOfZVcLSZPcm9J4ikFpXuB7gihofGn5ng+kDVma5EmJIclfk0trPQ==",
            "dev": true,
            "license": "MIT"
        },
        "node_modules/@types/vscode-webview": {
            "version": "1.57.0",
            "resolved": "https://registry.npmjs.org/@types/vscode-webview/-/vscode-webview-1.57.0.tgz",
            "integrity": "sha512-x3Cb/SMa1IwRHfSvKaZDZOTh4cNoG505c3NjTqGlMC082m++x/ETUmtYniDsw6SSmYzZXO8KBNhYxR0+VqymqA==",
            "dev": true
        },
        "node_modules/@vscode/extension-telemetry": {
            "version": "0.9.8",
            "resolved": "https://registry.npmjs.org/@vscode/extension-telemetry/-/extension-telemetry-0.9.8.tgz",
            "integrity": "sha512-7YcKoUvmHlIB8QYCE4FNzt3ErHi9gQPhdCM3ZWtpw1bxPT0I+lMdx52KHlzTNoJzQ2NvMX7HyzyDwBEiMgTrWQ==",
            "license": "MIT",
            "dependencies": {
                "@microsoft/1ds-core-js": "^4.3.4",
                "@microsoft/1ds-post-js": "^4.3.4",
                "@microsoft/applicationinsights-web-basic": "^3.3.4"
            },
            "engines": {
                "vscode": "^1.75.0"
            }
        },
        "node_modules/buffer-from": {
            "version": "1.1.2",
            "resolved": "https://registry.npmjs.org/buffer-from/-/buffer-from-1.1.2.tgz",
            "integrity": "sha512-E+XQCRwSbaaiChtv6k6Dwgc+bx+Bs6vuKJHHl5kox/BaKbhiXzqQOwK4cO22yElGp2OCmjwVhT3HmxgyPGnJfQ==",
            "dev": true
        },
        "node_modules/esbuild": {
            "version": "0.25.3",
            "resolved": "https://registry.npmjs.org/esbuild/-/esbuild-0.25.3.tgz",
            "integrity": "sha512-qKA6Pvai73+M2FtftpNKRxJ78GIjmFXFxd/1DVBqGo/qNhLSfv+G12n9pNoWdytJC8U00TrViOwpjT0zgqQS8Q==",
            "dev": true,
            "hasInstallScript": true,
            "license": "MIT",
            "bin": {
                "esbuild": "bin/esbuild"
            },
            "engines": {
                "node": ">=18"
            },
            "optionalDependencies": {
                "@esbuild/aix-ppc64": "0.25.3",
                "@esbuild/android-arm": "0.25.3",
                "@esbuild/android-arm64": "0.25.3",
                "@esbuild/android-x64": "0.25.3",
                "@esbuild/darwin-arm64": "0.25.3",
                "@esbuild/darwin-x64": "0.25.3",
                "@esbuild/freebsd-arm64": "0.25.3",
                "@esbuild/freebsd-x64": "0.25.3",
                "@esbuild/linux-arm": "0.25.3",
                "@esbuild/linux-arm64": "0.25.3",
                "@esbuild/linux-ia32": "0.25.3",
                "@esbuild/linux-loong64": "0.25.3",
                "@esbuild/linux-mips64el": "0.25.3",
                "@esbuild/linux-ppc64": "0.25.3",
                "@esbuild/linux-riscv64": "0.25.3",
                "@esbuild/linux-s390x": "0.25.3",
                "@esbuild/linux-x64": "0.25.3",
                "@esbuild/netbsd-arm64": "0.25.3",
                "@esbuild/netbsd-x64": "0.25.3",
                "@esbuild/openbsd-arm64": "0.25.3",
                "@esbuild/openbsd-x64": "0.25.3",
                "@esbuild/sunos-x64": "0.25.3",
                "@esbuild/win32-arm64": "0.25.3",
                "@esbuild/win32-ia32": "0.25.3",
                "@esbuild/win32-x64": "0.25.3"
            }
        },
        "node_modules/gif-writer": {
            "version": "0.9.4",
            "resolved": "https://registry.npmjs.org/gif-writer/-/gif-writer-0.9.4.tgz",
            "integrity": "sha512-RVyEQ9Iw5ENAt0lNtfdAkeWWEIGnT393YyKFXKk2lbRfonNjxuITyaoGvdEJOJ2FVd3gXznnnhVtJrYVGLVVXw=="
        },
        "node_modules/source-map": {
            "version": "0.6.1",
            "resolved": "https://registry.npmjs.org/source-map/-/source-map-0.6.1.tgz",
            "integrity": "sha512-UjgapumWlbMhkBgzT7Ykc5YXUT46F0iKu8SGXq0bcwP5dz/h0Plj6enJqjz1Zbq2l5WaqYnrVbwWOWMyF3F47g==",
            "dev": true,
            "engines": {
                "node": ">=0.10.0"
            }
        },
        "node_modules/source-map-support": {
            "version": "0.5.21",
            "resolved": "https://registry.npmjs.org/source-map-support/-/source-map-support-0.5.21.tgz",
            "integrity": "sha512-uBHU3L3czsIyYXKX88fdrGovxdSCoTGDRZ6SYXtSRxLZUzHg5P/66Ht6uoUlHu9EZod+inXhKo3qQgwXUT/y1w==",
            "dev": true,
            "dependencies": {
                "buffer-from": "^1.0.0",
                "source-map": "^0.6.0"
            }
        },
        "node_modules/tslib": {
            "version": "2.8.1",
            "resolved": "https://registry.npmjs.org/tslib/-/tslib-2.8.1.tgz",
            "integrity": "sha512-oJFu94HQb+KVduSUQL7wnpmqnfmLsOA/nAh6b6EH0wCEoK0/mPeXU6c3wKDV83MkOuHPRHtSXKKU99IBazS/2w==",
            "license": "0BSD",
            "peer": true
        },
        "node_modules/typescript": {
            "version": "4.9.4",
            "resolved": "https://registry.npmjs.org/typescript/-/typescript-4.9.4.tgz",
            "integrity": "sha512-Uz+dTXYzxXXbsFpM86Wh3dKCxrQqUcVMxwU54orwlJjOpO3ao8L7j5lH+dWfTwgCwIuM9GQ2kvVotzYJMXTBZg==",
            "dev": true,
            "bin": {
                "tsc": "bin/tsc",
                "tsserver": "bin/tsserver"
            },
            "engines": {
                "node": ">=4.2.0"
            }
        }
    },
    "dependencies": {
        "@esbuild/aix-ppc64": {
            "version": "0.25.3",
            "resolved": "https://registry.npmjs.org/@esbuild/aix-ppc64/-/aix-ppc64-0.25.3.tgz",
            "integrity": "sha512-W8bFfPA8DowP8l//sxjJLSLkD8iEjMc7cBVyP+u4cEv9sM7mdUCkgsj+t0n/BWPFtv7WWCN5Yzj0N6FJNUUqBQ==",
            "dev": true,
            "optional": true
        },
        "@esbuild/android-arm": {
            "version": "0.25.3",
            "resolved": "https://registry.npmjs.org/@esbuild/android-arm/-/android-arm-0.25.3.tgz",
            "integrity": "sha512-PuwVXbnP87Tcff5I9ngV0lmiSu40xw1At6i3GsU77U7cjDDB4s0X2cyFuBiDa1SBk9DnvWwnGvVaGBqoFWPb7A==",
            "dev": true,
            "optional": true
        },
        "@esbuild/android-arm64": {
            "version": "0.25.3",
            "resolved": "https://registry.npmjs.org/@esbuild/android-arm64/-/android-arm64-0.25.3.tgz",
            "integrity": "sha512-XelR6MzjlZuBM4f5z2IQHK6LkK34Cvv6Rj2EntER3lwCBFdg6h2lKbtRjpTTsdEjD/WSe1q8UyPBXP1x3i/wYQ==",
            "dev": true,
            "optional": true
        },
        "@esbuild/android-x64": {
            "version": "0.25.3",
            "resolved": "https://registry.npmjs.org/@esbuild/android-x64/-/android-x64-0.25.3.tgz",
            "integrity": "sha512-ogtTpYHT/g1GWS/zKM0cc/tIebFjm1F9Aw1boQ2Y0eUQ+J89d0jFY//s9ei9jVIlkYi8AfOjiixcLJSGNSOAdQ==",
            "dev": true,
            "optional": true
        },
        "@esbuild/darwin-arm64": {
            "version": "0.25.3",
            "resolved": "https://registry.npmjs.org/@esbuild/darwin-arm64/-/darwin-arm64-0.25.3.tgz",
            "integrity": "sha512-eESK5yfPNTqpAmDfFWNsOhmIOaQA59tAcF/EfYvo5/QWQCzXn5iUSOnqt3ra3UdzBv073ykTtmeLJZGt3HhA+w==",
            "dev": true,
            "optional": true
        },
        "@esbuild/darwin-x64": {
            "version": "0.25.3",
            "resolved": "https://registry.npmjs.org/@esbuild/darwin-x64/-/darwin-x64-0.25.3.tgz",
            "integrity": "sha512-Kd8glo7sIZtwOLcPbW0yLpKmBNWMANZhrC1r6K++uDR2zyzb6AeOYtI6udbtabmQpFaxJ8uduXMAo1gs5ozz8A==",
            "dev": true,
            "optional": true
        },
        "@esbuild/freebsd-arm64": {
            "version": "0.25.3",
            "resolved": "https://registry.npmjs.org/@esbuild/freebsd-arm64/-/freebsd-arm64-0.25.3.tgz",
            "integrity": "sha512-EJiyS70BYybOBpJth3M0KLOus0n+RRMKTYzhYhFeMwp7e/RaajXvP+BWlmEXNk6uk+KAu46j/kaQzr6au+JcIw==",
            "dev": true,
            "optional": true
        },
        "@esbuild/freebsd-x64": {
            "version": "0.25.3",
            "resolved": "https://registry.npmjs.org/@esbuild/freebsd-x64/-/freebsd-x64-0.25.3.tgz",
            "integrity": "sha512-Q+wSjaLpGxYf7zC0kL0nDlhsfuFkoN+EXrx2KSB33RhinWzejOd6AvgmP5JbkgXKmjhmpfgKZq24pneodYqE8Q==",
            "dev": true,
            "optional": true
        },
        "@esbuild/linux-arm": {
            "version": "0.25.3",
            "resolved": "https://registry.npmjs.org/@esbuild/linux-arm/-/linux-arm-0.25.3.tgz",
            "integrity": "sha512-dUOVmAUzuHy2ZOKIHIKHCm58HKzFqd+puLaS424h6I85GlSDRZIA5ycBixb3mFgM0Jdh+ZOSB6KptX30DD8YOQ==",
            "dev": true,
            "optional": true
        },
        "@esbuild/linux-arm64": {
            "version": "0.25.3",
            "resolved": "https://registry.npmjs.org/@esbuild/linux-arm64/-/linux-arm64-0.25.3.tgz",
            "integrity": "sha512-xCUgnNYhRD5bb1C1nqrDV1PfkwgbswTTBRbAd8aH5PhYzikdf/ddtsYyMXFfGSsb/6t6QaPSzxtbfAZr9uox4A==",
            "dev": true,
            "optional": true
        },
        "@esbuild/linux-ia32": {
            "version": "0.25.3",
            "resolved": "https://registry.npmjs.org/@esbuild/linux-ia32/-/linux-ia32-0.25.3.tgz",
            "integrity": "sha512-yplPOpczHOO4jTYKmuYuANI3WhvIPSVANGcNUeMlxH4twz/TeXuzEP41tGKNGWJjuMhotpGabeFYGAOU2ummBw==",
            "dev": true,
            "optional": true
        },
        "@esbuild/linux-loong64": {
            "version": "0.25.3",
            "resolved": "https://registry.npmjs.org/@esbuild/linux-loong64/-/linux-loong64-0.25.3.tgz",
            "integrity": "sha512-P4BLP5/fjyihmXCELRGrLd793q/lBtKMQl8ARGpDxgzgIKJDRJ/u4r1A/HgpBpKpKZelGct2PGI4T+axcedf6g==",
            "dev": true,
            "optional": true
        },
        "@esbuild/linux-mips64el": {
            "version": "0.25.3",
            "resolved": "https://registry.npmjs.org/@esbuild/linux-mips64el/-/linux-mips64el-0.25.3.tgz",
            "integrity": "sha512-eRAOV2ODpu6P5divMEMa26RRqb2yUoYsuQQOuFUexUoQndm4MdpXXDBbUoKIc0iPa4aCO7gIhtnYomkn2x+bag==",
            "dev": true,
            "optional": true
        },
        "@esbuild/linux-ppc64": {
            "version": "0.25.3",
            "resolved": "https://registry.npmjs.org/@esbuild/linux-ppc64/-/linux-ppc64-0.25.3.tgz",
            "integrity": "sha512-ZC4jV2p7VbzTlnl8nZKLcBkfzIf4Yad1SJM4ZMKYnJqZFD4rTI+pBG65u8ev4jk3/MPwY9DvGn50wi3uhdaghg==",
            "dev": true,
            "optional": true
        },
        "@esbuild/linux-riscv64": {
            "version": "0.25.3",
            "resolved": "https://registry.npmjs.org/@esbuild/linux-riscv64/-/linux-riscv64-0.25.3.tgz",
            "integrity": "sha512-LDDODcFzNtECTrUUbVCs6j9/bDVqy7DDRsuIXJg6so+mFksgwG7ZVnTruYi5V+z3eE5y+BJZw7VvUadkbfg7QA==",
            "dev": true,
            "optional": true
        },
        "@esbuild/linux-s390x": {
            "version": "0.25.3",
            "resolved": "https://registry.npmjs.org/@esbuild/linux-s390x/-/linux-s390x-0.25.3.tgz",
            "integrity": "sha512-s+w/NOY2k0yC2p9SLen+ymflgcpRkvwwa02fqmAwhBRI3SC12uiS10edHHXlVWwfAagYSY5UpmT/zISXPMW3tQ==",
            "dev": true,
            "optional": true
        },
        "@esbuild/linux-x64": {
            "version": "0.25.3",
            "resolved": "https://registry.npmjs.org/@esbuild/linux-x64/-/linux-x64-0.25.3.tgz",
            "integrity": "sha512-nQHDz4pXjSDC6UfOE1Fw9Q8d6GCAd9KdvMZpfVGWSJztYCarRgSDfOVBY5xwhQXseiyxapkiSJi/5/ja8mRFFA==",
            "dev": true,
            "optional": true
        },
        "@esbuild/netbsd-arm64": {
            "version": "0.25.3",
            "resolved": "https://registry.npmjs.org/@esbuild/netbsd-arm64/-/netbsd-arm64-0.25.3.tgz",
            "integrity": "sha512-1QaLtOWq0mzK6tzzp0jRN3eccmN3hezey7mhLnzC6oNlJoUJz4nym5ZD7mDnS/LZQgkrhEbEiTn515lPeLpgWA==",
            "dev": true,
            "optional": true
        },
        "@esbuild/netbsd-x64": {
            "version": "0.25.3",
            "resolved": "https://registry.npmjs.org/@esbuild/netbsd-x64/-/netbsd-x64-0.25.3.tgz",
            "integrity": "sha512-i5Hm68HXHdgv8wkrt+10Bc50zM0/eonPb/a/OFVfB6Qvpiirco5gBA5bz7S2SHuU+Y4LWn/zehzNX14Sp4r27g==",
            "dev": true,
            "optional": true
        },
        "@esbuild/openbsd-arm64": {
            "version": "0.25.3",
            "resolved": "https://registry.npmjs.org/@esbuild/openbsd-arm64/-/openbsd-arm64-0.25.3.tgz",
            "integrity": "sha512-zGAVApJEYTbOC6H/3QBr2mq3upG/LBEXr85/pTtKiv2IXcgKV0RT0QA/hSXZqSvLEpXeIxah7LczB4lkiYhTAQ==",
            "dev": true,
            "optional": true
        },
        "@esbuild/openbsd-x64": {
            "version": "0.25.3",
            "resolved": "https://registry.npmjs.org/@esbuild/openbsd-x64/-/openbsd-x64-0.25.3.tgz",
            "integrity": "sha512-fpqctI45NnCIDKBH5AXQBsD0NDPbEFczK98hk/aa6HJxbl+UtLkJV2+Bvy5hLSLk3LHmqt0NTkKNso1A9y1a4w==",
            "dev": true,
            "optional": true
        },
        "@esbuild/sunos-x64": {
            "version": "0.25.3",
            "resolved": "https://registry.npmjs.org/@esbuild/sunos-x64/-/sunos-x64-0.25.3.tgz",
            "integrity": "sha512-ROJhm7d8bk9dMCUZjkS8fgzsPAZEjtRJqCAmVgB0gMrvG7hfmPmz9k1rwO4jSiblFjYmNvbECL9uhaPzONMfgA==",
            "dev": true,
            "optional": true
        },
        "@esbuild/win32-arm64": {
            "version": "0.25.3",
            "resolved": "https://registry.npmjs.org/@esbuild/win32-arm64/-/win32-arm64-0.25.3.tgz",
            "integrity": "sha512-YWcow8peiHpNBiIXHwaswPnAXLsLVygFwCB3A7Bh5jRkIBFWHGmNQ48AlX4xDvQNoMZlPYzjVOQDYEzWCqufMQ==",
            "dev": true,
            "optional": true
        },
        "@esbuild/win32-ia32": {
            "version": "0.25.3",
            "resolved": "https://registry.npmjs.org/@esbuild/win32-ia32/-/win32-ia32-0.25.3.tgz",
            "integrity": "sha512-qspTZOIGoXVS4DpNqUYUs9UxVb04khS1Degaw/MnfMe7goQ3lTfQ13Vw4qY/Nj0979BGvMRpAYbs/BAxEvU8ew==",
            "dev": true,
            "optional": true
        },
        "@esbuild/win32-x64": {
            "version": "0.25.3",
            "resolved": "https://registry.npmjs.org/@esbuild/win32-x64/-/win32-x64-0.25.3.tgz",
            "integrity": "sha512-ICgUR+kPimx0vvRzf+N/7L7tVSQeE3BYY+NhHRHXS1kBuPO7z2+7ea2HbhDyZdTephgvNvKrlDDKUexuCVBVvg==",
            "dev": true,
            "optional": true
        },
        "@microsoft/1ds-core-js": {
            "version": "4.3.6",
            "resolved": "https://registry.npmjs.org/@microsoft/1ds-core-js/-/1ds-core-js-4.3.6.tgz",
            "integrity": "sha512-m2zBJVPZPaYwbAum5EDaSGmTKEtTDH1bYrtZmVAaAjqjUJxxXyeChaH5MQ45sTPaU7pDPqTclMxX2IglecPzDw==",
            "requires": {
                "@microsoft/applicationinsights-core-js": "3.3.6",
                "@microsoft/applicationinsights-shims": "3.0.1",
                "@microsoft/dynamicproto-js": "^2.0.3",
                "@nevware21/ts-async": ">= 0.5.4 < 2.x",
                "@nevware21/ts-utils": ">= 0.11.8 < 2.x"
            }
        },
        "@microsoft/1ds-post-js": {
            "version": "4.3.6",
            "resolved": "https://registry.npmjs.org/@microsoft/1ds-post-js/-/1ds-post-js-4.3.6.tgz",
            "integrity": "sha512-Y5smwD6iVcSWfcMxVtno22eKxWbILC0t05fA3Zp42Q0Ybn41aCp73Cziaja1uyRHRTwg0Dh6KooJXMklcN3ibQ==",
            "requires": {
                "@microsoft/1ds-core-js": "4.3.6",
                "@microsoft/applicationinsights-shims": "3.0.1",
                "@microsoft/dynamicproto-js": "^2.0.3",
                "@nevware21/ts-async": ">= 0.5.4 < 2.x",
                "@nevware21/ts-utils": ">= 0.11.8 < 2.x"
            }
        },
        "@microsoft/applicationinsights-channel-js": {
            "version": "3.3.6",
            "resolved": "https://registry.npmjs.org/@microsoft/applicationinsights-channel-js/-/applicationinsights-channel-js-3.3.6.tgz",
            "integrity": "sha512-dnFpTaviD8Ufx3ZJnionvSffwbOwo5EbcsQoIIWV3IC3i4dR6v45Ct7SsQMmyrhMEJYkPD7ddvKdgH89OYuCbQ==",
            "requires": {
                "@microsoft/applicationinsights-common": "3.3.6",
                "@microsoft/applicationinsights-core-js": "3.3.6",
                "@microsoft/applicationinsights-shims": "3.0.1",
                "@microsoft/dynamicproto-js": "^2.0.3",
                "@nevware21/ts-async": ">= 0.5.4 < 2.x",
                "@nevware21/ts-utils": ">= 0.11.8 < 2.x"
            }
        },
        "@microsoft/applicationinsights-common": {
            "version": "3.3.6",
            "resolved": "https://registry.npmjs.org/@microsoft/applicationinsights-common/-/applicationinsights-common-3.3.6.tgz",
            "integrity": "sha512-XuqWwbDSW7DuagcUy9Op7UFZeAyjU9RWuIQppxlTGrITa7PF5QmsyvjCiSsBRy7vMt/q42qnmOYoHwhL7KoyOQ==",
            "requires": {
                "@microsoft/applicationinsights-core-js": "3.3.6",
                "@microsoft/applicationinsights-shims": "3.0.1",
                "@microsoft/dynamicproto-js": "^2.0.3",
                "@nevware21/ts-utils": ">= 0.11.8 < 2.x"
            }
        },
        "@microsoft/applicationinsights-core-js": {
            "version": "3.3.6",
            "resolved": "https://registry.npmjs.org/@microsoft/applicationinsights-core-js/-/applicationinsights-core-js-3.3.6.tgz",
            "integrity": "sha512-Yv09rk/QdLhM4Dr29WKi4xWmsnTJpuGE95kuKsBxSlzFYlC3foYAZ5wowsNU6Yscpv6TJQRd6RksMIEGV6Uz5Q==",
            "requires": {
                "@microsoft/applicationinsights-shims": "3.0.1",
                "@microsoft/dynamicproto-js": "^2.0.3",
                "@nevware21/ts-async": ">= 0.5.4 < 2.x",
                "@nevware21/ts-utils": ">= 0.11.8 < 2.x"
            }
        },
        "@microsoft/applicationinsights-shims": {
            "version": "3.0.1",
            "resolved": "https://registry.npmjs.org/@microsoft/applicationinsights-shims/-/applicationinsights-shims-3.0.1.tgz",
            "integrity": "sha512-DKwboF47H1nb33rSUfjqI6ryX29v+2QWcTrRvcQDA32AZr5Ilkr7whOOSsD1aBzwqX0RJEIP1Z81jfE3NBm/Lg==",
            "requires": {
                "@nevware21/ts-utils": ">= 0.9.4 < 2.x"
            }
        },
        "@microsoft/applicationinsights-web-basic": {
            "version": "3.3.6",
            "resolved": "https://registry.npmjs.org/@microsoft/applicationinsights-web-basic/-/applicationinsights-web-basic-3.3.6.tgz",
            "integrity": "sha512-qabSiZAHG4mLYJBcqG/lhu/ExMWT6bsEo3vq8ppFE6shQxR75OK0f8AEj3h12kS/iAqQz8IUzr+NG3lKvSra1g==",
            "requires": {
                "@microsoft/applicationinsights-channel-js": "3.3.6",
                "@microsoft/applicationinsights-common": "3.3.6",
                "@microsoft/applicationinsights-core-js": "3.3.6",
                "@microsoft/applicationinsights-shims": "3.0.1",
                "@microsoft/dynamicproto-js": "^2.0.3",
                "@nevware21/ts-async": ">= 0.5.4 < 2.x",
                "@nevware21/ts-utils": ">= 0.11.8 < 2.x"
            }
        },
        "@microsoft/dynamicproto-js": {
            "version": "2.0.3",
            "resolved": "https://registry.npmjs.org/@microsoft/dynamicproto-js/-/dynamicproto-js-2.0.3.tgz",
            "integrity": "sha512-JTWTU80rMy3mdxOjjpaiDQsTLZ6YSGGqsjURsY6AUQtIj0udlF/jYmhdLZu8693ZIC0T1IwYnFa0+QeiMnziBA==",
            "requires": {
                "@nevware21/ts-utils": ">= 0.10.4 < 2.x"
            }
        },
        "@nevware21/ts-async": {
            "version": "0.5.4",
            "resolved": "https://registry.npmjs.org/@nevware21/ts-async/-/ts-async-0.5.4.tgz",
            "integrity": "sha512-IBTyj29GwGlxfzXw2NPnzty+w0Adx61Eze1/lknH/XIVdxtF9UnOpk76tnrHXWa6j84a1RR9hsOcHQPFv9qJjA==",
            "requires": {
                "@nevware21/ts-utils": ">= 0.11.6 < 2.x"
            }
        },
        "@nevware21/ts-utils": {
            "version": "0.12.2",
            "resolved": "https://registry.npmjs.org/@nevware21/ts-utils/-/ts-utils-0.12.2.tgz",
            "integrity": "sha512-wEJpAgVC9kac6mh2Oa2QIEoBy3ZgCJyl8qp8rfyT56xzRCNppYQ5nEGb58JLJA5s69U6TgkA9uq5QbQ/htmR/w=="
        },
        "@types/node": {
            "version": "16.18.10",
            "resolved": "https://registry.npmjs.org/@types/node/-/node-16.18.10.tgz",
            "integrity": "sha512-XU1+v7h81p7145ddPfjv7jtWvkSilpcnON3mQ+bDi9Yuf7OI56efOglXRyXWgQ57xH3fEQgh7WOJMncRHVew5w==",
            "dev": true
        },
        "@types/vscode": {
            "version": "1.99.1",
            "resolved": "https://registry.npmjs.org/@types/vscode/-/vscode-1.99.1.tgz",
            "integrity": "sha512-cQlqxHZ040ta6ovZXnXRxs3fJiTmlurkIWOfZVcLSZPcm9J4ikFpXuB7gihofGn5ng+kDVma5EmJIclfk0trPQ==",
            "dev": true
        },
        "@types/vscode-webview": {
            "version": "1.57.0",
            "resolved": "https://registry.npmjs.org/@types/vscode-webview/-/vscode-webview-1.57.0.tgz",
            "integrity": "sha512-x3Cb/SMa1IwRHfSvKaZDZOTh4cNoG505c3NjTqGlMC082m++x/ETUmtYniDsw6SSmYzZXO8KBNhYxR0+VqymqA==",
            "dev": true
        },
        "@vscode/extension-telemetry": {
            "version": "0.9.8",
            "resolved": "https://registry.npmjs.org/@vscode/extension-telemetry/-/extension-telemetry-0.9.8.tgz",
            "integrity": "sha512-7YcKoUvmHlIB8QYCE4FNzt3ErHi9gQPhdCM3ZWtpw1bxPT0I+lMdx52KHlzTNoJzQ2NvMX7HyzyDwBEiMgTrWQ==",
            "requires": {
                "@microsoft/1ds-core-js": "^4.3.4",
                "@microsoft/1ds-post-js": "^4.3.4",
                "@microsoft/applicationinsights-web-basic": "^3.3.4"
            }
        },
        "buffer-from": {
            "version": "1.1.2",
            "resolved": "https://registry.npmjs.org/buffer-from/-/buffer-from-1.1.2.tgz",
            "integrity": "sha512-E+XQCRwSbaaiChtv6k6Dwgc+bx+Bs6vuKJHHl5kox/BaKbhiXzqQOwK4cO22yElGp2OCmjwVhT3HmxgyPGnJfQ==",
            "dev": true
        },
        "esbuild": {
            "version": "0.25.3",
            "resolved": "https://registry.npmjs.org/esbuild/-/esbuild-0.25.3.tgz",
            "integrity": "sha512-qKA6Pvai73+M2FtftpNKRxJ78GIjmFXFxd/1DVBqGo/qNhLSfv+G12n9pNoWdytJC8U00TrViOwpjT0zgqQS8Q==",
            "dev": true,
            "requires": {
                "@esbuild/aix-ppc64": "0.25.3",
                "@esbuild/android-arm": "0.25.3",
                "@esbuild/android-arm64": "0.25.3",
                "@esbuild/android-x64": "0.25.3",
                "@esbuild/darwin-arm64": "0.25.3",
                "@esbuild/darwin-x64": "0.25.3",
                "@esbuild/freebsd-arm64": "0.25.3",
                "@esbuild/freebsd-x64": "0.25.3",
                "@esbuild/linux-arm": "0.25.3",
                "@esbuild/linux-arm64": "0.25.3",
                "@esbuild/linux-ia32": "0.25.3",
                "@esbuild/linux-loong64": "0.25.3",
                "@esbuild/linux-mips64el": "0.25.3",
                "@esbuild/linux-ppc64": "0.25.3",
                "@esbuild/linux-riscv64": "0.25.3",
                "@esbuild/linux-s390x": "0.25.3",
                "@esbuild/linux-x64": "0.25.3",
                "@esbuild/netbsd-arm64": "0.25.3",
                "@esbuild/netbsd-x64": "0.25.3",
                "@esbuild/openbsd-arm64": "0.25.3",
                "@esbuild/openbsd-x64": "0.25.3",
                "@esbuild/sunos-x64": "0.25.3",
                "@esbuild/win32-arm64": "0.25.3",
                "@esbuild/win32-ia32": "0.25.3",
                "@esbuild/win32-x64": "0.25.3"
            }
        },
        "gif-writer": {
            "version": "0.9.4",
            "resolved": "https://registry.npmjs.org/gif-writer/-/gif-writer-0.9.4.tgz",
            "integrity": "sha512-RVyEQ9Iw5ENAt0lNtfdAkeWWEIGnT393YyKFXKk2lbRfonNjxuITyaoGvdEJOJ2FVd3gXznnnhVtJrYVGLVVXw=="
        },
        "source-map": {
            "version": "0.6.1",
            "resolved": "https://registry.npmjs.org/source-map/-/source-map-0.6.1.tgz",
            "integrity": "sha512-UjgapumWlbMhkBgzT7Ykc5YXUT46F0iKu8SGXq0bcwP5dz/h0Plj6enJqjz1Zbq2l5WaqYnrVbwWOWMyF3F47g==",
            "dev": true
        },
        "source-map-support": {
            "version": "0.5.21",
            "resolved": "https://registry.npmjs.org/source-map-support/-/source-map-support-0.5.21.tgz",
            "integrity": "sha512-uBHU3L3czsIyYXKX88fdrGovxdSCoTGDRZ6SYXtSRxLZUzHg5P/66Ht6uoUlHu9EZod+inXhKo3qQgwXUT/y1w==",
            "dev": true,
            "requires": {
                "buffer-from": "^1.0.0",
                "source-map": "^0.6.0"
            }
        },
        "tslib": {
            "version": "2.8.1",
            "resolved": "https://registry.npmjs.org/tslib/-/tslib-2.8.1.tgz",
            "integrity": "sha512-oJFu94HQb+KVduSUQL7wnpmqnfmLsOA/nAh6b6EH0wCEoK0/mPeXU6c3wKDV83MkOuHPRHtSXKKU99IBazS/2w==",
            "peer": true
        },
        "typescript": {
            "version": "4.9.4",
            "resolved": "https://registry.npmjs.org/typescript/-/typescript-4.9.4.tgz",
            "integrity": "sha512-Uz+dTXYzxXXbsFpM86Wh3dKCxrQqUcVMxwU54orwlJjOpO3ao8L7j5lH+dWfTwgCwIuM9GQ2kvVotzYJMXTBZg==",
            "dev": true
        }
    }
}
